Microsoft Visual Studio Solution File, Format Version 12.00
# Visual Studio Version 17
VisualStudioVersion = 17.5.2.0
MinimumVisualStudioVersion = 10.0.40219.1
Project("{FAE04EC0-301F-11D3-BF4B-00C04F79EFBC}") = "Act2", "Act2.csproj", "{B8149E66-B122-AEF6-5ED1-739E4C7E1E36}"
EndProject
Global
	GlobalSection(SolutionConfigurationPlatforms) = preSolution
		Debug|Any CPU = Debug|Any CPU
		Release|Any CPU = Release|Any CPU
	EndGlobalSection
	GlobalSection(ProjectConfigurationPlatforms) = postSolution
		{B8149E66-B122-AEF6-5ED1-739E4C7E1E36}.Debug|Any CPU.ActiveCfg = Debug|Any CPU
		{B8149E66-B122-AEF6-5ED1-739E4C7E1E36}.Debug|Any CPU.Build.0 = Debug|Any CPU
		{B8149E66-B122-AEF6-5ED1-739E4C7E1E36}.Release|Any CPU.ActiveCfg = Release|Any CPU
		{B8149E66-B122-AEF6-5ED1-739E4C7E1E36}.Release|Any CPU.Build.0 = Release|Any CPU
	EndGlobalSection
	GlobalSection(SolutionProperties) = preSolution
		HideSolutionNode = FALSE
	EndGlobalSection
	GlobalSection(ExtensibilityGlobals) = postSolution
		SolutionGuid = {BD0B0517-76D7-4F0B-A595-8D63EFF1D837}
	EndGlobalSection
EndGlobal
